{
  "originHash" : "5a8a2158ef78ec5f745364f72d86b974874c4bf7b422a0884d716f4af4059775",
  "pins" : [
    {
      "identity" : "sdwebimage",
      "kind" : "remoteSourceControl",
      "location" : "https://github.com/SDWebImage/SDWebImage.git",
      "state" : {
        "revision" : "8a1be70a625683bc04d6903e2935bf23f3c6d609",
        "version" : "5.19.7"
      }
    }
  ],
  "version" : 3
}
