// !$*UTF8*$!
{
	archiveVersion = 1;
	classes = {
	};
	objectVersion = 77;
	objects = {

/* Begin PBXBuildFile section */
		E436C5532CB2F57A00B1F1CE /* Networking in Frameworks */ = {isa = PBXBuildFile; productRef = E436C5522CB2F57A00B1F1CE /* Networking */; };
		E436C5562CB2F58500B1F1CE /* SDWebImageSwiftUI in Frameworks */ = {isa = PBXBuildFile; productRef = E436C5552CB2F58500B1F1CE /* SDWebImageSwiftUI */; };
		E438DEFC2CBDA2E50010EA02 /* SDWebImageSwiftUI in Frameworks */ = {isa = PBXBuildFile; productRef = E438DEFB2CBDA2E50010EA02 /* SDWebImageSwiftUI */; };
		E48BB65E2CBD990F00D33B96 /* SDWebImageSwiftUI in Frameworks */ = {isa = PBXBuildFile; productRef = E48BB65D2CBD990F00D33B96 /* SDWebImageSwiftUI */; };
		E4C2B4D92CBD9514003ACF27 /* Networking in Frameworks */ = {isa = PBXBuildFile; productRef = E4C2B4D82CBD9514003ACF27 /* Networking */; };
		E4D3670B2CB1EA0D008CF162 /* Networking in Frameworks */ = {isa = PBXBuildFile; productRef = E4D3670A2CB1EA0D008CF162 /* Networking */; };
/* End PBXBuildFile section */

/* Begin PBXContainerItemProxy section */
		E456F7912CB1D7F900BCF142 /* PBXContainerItemProxy */ = {
			isa = PBXContainerItemProxy;
			containerPortal = E456F7782CB1D7F700BCF142 /* Project object */;
			proxyType = 1;
			remoteGlobalIDString = E456F77F2CB1D7F700BCF142;
			remoteInfo = "Zap Comics";
		};
		E456F79B2CB1D7F900BCF142 /* PBXContainerItemProxy */ = {
			isa = PBXContainerItemProxy;
			containerPortal = E456F7782CB1D7F700BCF142 /* Project object */;
			proxyType = 1;
			remoteGlobalIDString = E456F77F2CB1D7F700BCF142;
			remoteInfo = "Zap Comics";
		};
/* End PBXContainerItemProxy section */

/* Begin PBXFileReference section */
		E4016D082CB9CB9700BD4186 /* Zap Comics.xctestplan */ = {isa = PBXFileReference; lastKnownFileType = text; path = "Zap Comics.xctestplan"; sourceTree = "<group>"; };
		E456F7802CB1D7F700BCF142 /* Zap Comics.app */ = {isa = PBXFileReference; explicitFileType = wrapper.application; includeInIndex = 0; path = "Zap Comics.app"; sourceTree = BUILT_PRODUCTS_DIR; };
		E456F7902CB1D7F900BCF142 /* Zap ComicsTests.xctest */ = {isa = PBXFileReference; explicitFileType = wrapper.cfbundle; includeInIndex = 0; path = "Zap ComicsTests.xctest"; sourceTree = BUILT_PRODUCTS_DIR; };
		E456F79A2CB1D7F900BCF142 /* Zap ComicsUITests.xctest */ = {isa = PBXFileReference; explicitFileType = wrapper.cfbundle; includeInIndex = 0; path = "Zap ComicsUITests.xctest"; sourceTree = BUILT_PRODUCTS_DIR; };
/* End PBXFileReference section */

/* Begin PBXFileSystemSynchronizedBuildFileExceptionSet section */
		E48482AC2CBB755C00BF3E9D /* Exceptions for "Zap Comics" folder in "Zap ComicsUITests" target */ = {
			isa = PBXFileSystemSynchronizedBuildFileExceptionSet;
			membershipExceptions = (
				"Extensions/View+Zap.swift",
				Helpers/TestingIdentifiers.swift,
				Helpers/UITestArguments.swift,
			);
			target = E456F7992CB1D7F900BCF142 /* Zap ComicsUITests */;
		};
/* End PBXFileSystemSynchronizedBuildFileExceptionSet section */

/* Begin PBXFileSystemSynchronizedRootGroup section */
		E456F7822CB1D7F700BCF142 /* Zap Comics */ = {
			isa = PBXFileSystemSynchronizedRootGroup;
			exceptions = (
				E48482AC2CBB755C00BF3E9D /* Exceptions for "Zap Comics" folder in "Zap ComicsUITests" target */,
			);
			path = "Zap Comics";
			sourceTree = "<group>";
		};
		E456F7932CB1D7F900BCF142 /* Zap ComicsTests */ = {
			isa = PBXFileSystemSynchronizedRootGroup;
			path = "Zap ComicsTests";
			sourceTree = "<group>";
		};
		E456F79D2CB1D7F900BCF142 /* Zap ComicsUITests */ = {
			isa = PBXFileSystemSynchronizedRootGroup;
			path = "Zap ComicsUITests";
			sourceTree = "<group>";
		};
/* End PBXFileSystemSynchronizedRootGroup section */

/* Begin PBXFrameworksBuildPhase section */
		E456F77D2CB1D7F700BCF142 /* Frameworks */ = {
			isa = PBXFrameworksBuildPhase;
			buildActionMask = 2147483647;
			files = (
				E48BB65E2CBD990F00D33B96 /* SDWebImageSwiftUI in Frameworks */,
				E436C5562CB2F58500B1F1CE /* SDWebImageSwiftUI in Frameworks */,
				E436C5532CB2F57A00B1F1CE /* Networking in Frameworks */,
				E4C2B4D92CBD9514003ACF27 /* Networking in Frameworks */,
				E4D3670B2CB1EA0D008CF162 /* Networking in Frameworks */,
			);
			runOnlyForDeploymentPostprocessing = 0;
		};
		E456F78D2CB1D7F900BCF142 /* Frameworks */ = {
			isa = PBXFrameworksBuildPhase;
			buildActionMask = 2147483647;
			files = (
			);
			runOnlyForDeploymentPostprocessing = 0;
		};
		E456F7972CB1D7F900BCF142 /* Frameworks */ = {
			isa = PBXFrameworksBuildPhase;
			buildActionMask = 2147483647;
			files = (
				E438DEFC2CBDA2E50010EA02 /* SDWebImageSwiftUI in Frameworks */,
			);
			runOnlyForDeploymentPostprocessing = 0;
		};
/* End PBXFrameworksBuildPhase section */

/* Begin PBXGroup section */
		E456F7772CB1D7F700BCF142 = {
			isa = PBXGroup;
			children = (
				E4016D082CB9CB9700BD4186 /* Zap Comics.xctestplan */,
				E456F7822CB1D7F700BCF142 /* Zap Comics */,
				E456F7932CB1D7F900BCF142 /* Zap ComicsTests */,
				E456F79D2CB1D7F900BCF142 /* Zap ComicsUITests */,
				E456F7812CB1D7F700BCF142 /* Products */,
			);
			sourceTree = "<group>";
		};
		E456F7812CB1D7F700BCF142 /* Products */ = {
			isa = PBXGroup;
			children = (
				E456F7802CB1D7F700BCF142 /* Zap Comics.app */,
				E456F7902CB1D7F900BCF142 /* Zap ComicsTests.xctest */,
				E456F79A2CB1D7F900BCF142 /* Zap ComicsUITests.xctest */,
			);
			name = Products;
			sourceTree = "<group>";
		};
/* End PBXGroup section */

/* Begin PBXNativeTarget section */
		E456F77F2CB1D7F700BCF142 /* Zap Comics */ = {
			isa = PBXNativeTarget;
			buildConfigurationList = E456F7A42CB1D7F900BCF142 /* Build configuration list for PBXNativeTarget "Zap Comics" */;
			buildPhases = (
				E456F77C2CB1D7F700BCF142 /* Sources */,
				E456F77D2CB1D7F700BCF142 /* Frameworks */,
				E456F77E2CB1D7F700BCF142 /* Resources */,
			);
			buildRules = (
			);
			dependencies = (
			);
			fileSystemSynchronizedGroups = (
				E456F7822CB1D7F700BCF142 /* Zap Comics */,
			);
			name = "Zap Comics";
			packageProductDependencies = (
				E4D3670A2CB1EA0D008CF162 /* Networking */,
				E436C5522CB2F57A00B1F1CE /* Networking */,
				E436C5552CB2F58500B1F1CE /* SDWebImageSwiftUI */,
				E4C2B4D82CBD9514003ACF27 /* Networking */,
				E48BB65D2CBD990F00D33B96 /* SDWebImageSwiftUI */,
			);
			productName = "Zap Comics";
			productReference = E456F7802CB1D7F700BCF142 /* Zap Comics.app */;
			productType = "com.apple.product-type.application";
		};
		E456F78F2CB1D7F900BCF142 /* Zap ComicsTests */ = {
			isa = PBXNativeTarget;
			buildConfigurationList = E456F7A72CB1D7F900BCF142 /* Build configuration list for PBXNativeTarget "Zap ComicsTests" */;
			buildPhases = (
				E456F78C2CB1D7F900BCF142 /* Sources */,
				E456F78D2CB1D7F900BCF142 /* Frameworks */,
				E456F78E2CB1D7F900BCF142 /* Resources */,
			);
			buildRules = (
			);
			dependencies = (
				E456F7922CB1D7F900BCF142 /* PBXTargetDependency */,
			);
			fileSystemSynchronizedGroups = (
				E456F7932CB1D7F900BCF142 /* Zap ComicsTests */,
			);
			name = "Zap ComicsTests";
			packageProductDependencies = (
			);
			productName = "Zap ComicsTests";
			productReference = E456F7902CB1D7F900BCF142 /* Zap ComicsTests.xctest */;
			productType = "com.apple.product-type.bundle.unit-test";
		};
		E456F7992CB1D7F900BCF142 /* Zap ComicsUITests */ = {
			isa = PBXNativeTarget;
			buildConfigurationList = E456F7AA2CB1D7F900BCF142 /* Build configuration list for PBXNativeTarget "Zap ComicsUITests" */;
			buildPhases = (
				E456F7962CB1D7F900BCF142 /* Sources */,
				E456F7972CB1D7F900BCF142 /* Frameworks */,
				E456F7982CB1D7F900BCF142 /* Resources */,
			);
			buildRules = (
			);
			dependencies = (
				E456F79C2CB1D7F900BCF142 /* PBXTargetDependency */,
			);
			fileSystemSynchronizedGroups = (
				E456F79D2CB1D7F900BCF142 /* Zap ComicsUITests */,
			);
			name = "Zap ComicsUITests";
			packageProductDependencies = (
				E438DEFB2CBDA2E50010EA02 /* SDWebImageSwiftUI */,
			);
			productName = "Zap ComicsUITests";
			productReference = E456F79A2CB1D7F900BCF142 /* Zap ComicsUITests.xctest */;
			productType = "com.apple.product-type.bundle.ui-testing";
		};
/* End PBXNativeTarget section */

/* Begin PBXProject section */
		E456F7782CB1D7F700BCF142 /* Project object */ = {
			isa = PBXProject;
			attributes = {
				BuildIndependentTargetsInParallel = 1;
				LastSwiftUpdateCheck = 1600;
				LastUpgradeCheck = 1600;
				TargetAttributes = {
					E456F77F2CB1D7F700BCF142 = {
						CreatedOnToolsVersion = 16.0;
					};
					E456F78F2CB1D7F900BCF142 = {
						CreatedOnToolsVersion = 16.0;
						TestTargetID = E456F77F2CB1D7F700BCF142;
					};
					E456F7992CB1D7F900BCF142 = {
						CreatedOnToolsVersion = 16.0;
						TestTargetID = E456F77F2CB1D7F700BCF142;
					};
				};
			};
			buildConfigurationList = E456F77B2CB1D7F700BCF142 /* Build configuration list for PBXProject "Zap Comics" */;
			developmentRegion = en;
			hasScannedForEncodings = 0;
			knownRegions = (
				en,
				Base,
			);
			mainGroup = E456F7772CB1D7F700BCF142;
			minimizedProjectReferenceProxies = 1;
			packageReferences = (
				E4C2B4D72CBD9514003ACF27 /* XCRemoteSwiftPackageReference "Networking" */,
				E48BB65C2CBD990F00D33B96 /* XCRemoteSwiftPackageReference "SDWebImageSwiftUI" */,
			);
			preferredProjectObjectVersion = 77;
			productRefGroup = E456F7812CB1D7F700BCF142 /* Products */;
			projectDirPath = "";
			projectRoot = "";
			targets = (
				E456F77F2CB1D7F700BCF142 /* Zap Comics */,
				E456F78F2CB1D7F900BCF142 /* Zap ComicsTests */,
				E456F7992CB1D7F900BCF142 /* Zap ComicsUITests */,
			);
		};
/* End PBXProject section */

/* Begin PBXResourcesBuildPhase section */
		E456F77E2CB1D7F700BCF142 /* Resources */ = {
			isa = PBXResourcesBuildPhase;
			buildActionMask = 2147483647;
			files = (
			);
			runOnlyForDeploymentPostprocessing = 0;
		};
		E456F78E2CB1D7F900BCF142 /* Resources */ = {
			isa = PBXResourcesBuildPhase;
			buildActionMask = 2147483647;
			files = (
			);
			runOnlyForDeploymentPostprocessing = 0;
		};
		E456F7982CB1D7F900BCF142 /* Resources */ = {
			isa = PBXResourcesBuildPhase;
			buildActionMask = 2147483647;
			files = (
			);
			runOnlyForDeploymentPostprocessing = 0;
		};
/* End PBXResourcesBuildPhase section */

/* Begin PBXSourcesBuildPhase section */
		E456F77C2CB1D7F700BCF142 /* Sources */ = {
			isa = PBXSourcesBuildPhase;
			buildActionMask = 2147483647;
			files = (
			);
			runOnlyForDeploymentPostprocessing = 0;
		};
		E456F78C2CB1D7F900BCF142 /* Sources */ = {
			isa = PBXSourcesBuildPhase;
			buildActionMask = 2147483647;
			files = (
			);
			runOnlyForDeploymentPostprocessing = 0;
		};
		E456F7962CB1D7F900BCF142 /* Sources */ = {
			isa = PBXSourcesBuildPhase;
			buildActionMask = 2147483647;
			files = (
			);
			runOnlyForDeploymentPostprocessing = 0;
		};
/* End PBXSourcesBuildPhase section */

/* Begin PBXTargetDependency section */
		E456F7922CB1D7F900BCF142 /* PBXTargetDependency */ = {
			isa = PBXTargetDependency;
			target = E456F77F2CB1D7F700BCF142 /* Zap Comics */;
			targetProxy = E456F7912CB1D7F900BCF142 /* PBXContainerItemProxy */;
		};
		E456F79C2CB1D7F900BCF142 /* PBXTargetDependency */ = {
			isa = PBXTargetDependency;
			target = E456F77F2CB1D7F700BCF142 /* Zap Comics */;
			targetProxy = E456F79B2CB1D7F900BCF142 /* PBXContainerItemProxy */;
		};
/* End PBXTargetDependency section */

/* Begin XCBuildConfiguration section */
		E456F7A22CB1D7F900BCF142 /* Debug */ = {
			isa = XCBuildConfiguration;
			buildSettings = {
				ALWAYS_SEARCH_USER_PATHS = NO;
				ASSETCATALOG_COMPILER_GENERATE_SWIFT_ASSET_SYMBOL_EXTENSIONS = YES;
				CLANG_ANALYZER_NONNULL = YES;
				CLANG_ANALYZER_NUMBER_OBJECT_CONVERSION = YES_AGGRESSIVE;
				CLANG_CXX_LANGUAGE_STANDARD = "gnu++20";
				CLANG_ENABLE_MODULES = YES;
				CLANG_ENABLE_OBJC_ARC = YES;
				CLANG_ENABLE_OBJC_WEAK = YES;
				CLANG_WARN_BLOCK_CAPTURE_AUTORELEASING = YES;
				CLANG_WARN_BOOL_CONVERSION = YES;
				CLANG_WARN_COMMA = YES;
				CLANG_WARN_CONSTANT_CONVERSION = YES;
				CLANG_WARN_DEPRECATED_OBJC_IMPLEMENTATIONS = YES;
				CLANG_WARN_DIRECT_OBJC_ISA_USAGE = YES_ERROR;
				CLANG_WARN_DOCUMENTATION_COMMENTS = YES;
				CLANG_WARN_EMPTY_BODY = YES;
				CLANG_WARN_ENUM_CONVERSION = YES;
				CLANG_WARN_INFINITE_RECURSION = YES;
				CLANG_WARN_INT_CONVERSION = YES;
				CLANG_WARN_NON_LITERAL_NULL_CONVERSION = YES;
				CLANG_WARN_OBJC_IMPLICIT_RETAIN_SELF = YES;
				CLANG_WARN_OBJC_LITERAL_CONVERSION = YES;
				CLANG_WARN_OBJC_ROOT_CLASS = YES_ERROR;
				CLANG_WARN_QUOTED_INCLUDE_IN_FRAMEWORK_HEADER = YES;
				CLANG_WARN_RANGE_LOOP_ANALYSIS = YES;
				CLANG_WARN_STRICT_PROTOTYPES = YES;
				CLANG_WARN_SUSPICIOUS_MOVE = YES;
				CLANG_WARN_UNGUARDED_AVAILABILITY = YES_AGGRESSIVE;
				CLANG_WARN_UNREACHABLE_CODE = YES;
				CLANG_WARN__DUPLICATE_METHOD_MATCH = YES;
				COPY_PHASE_STRIP = NO;
				DEBUG_INFORMATION_FORMAT = dwarf;
				ENABLE_STRICT_OBJC_MSGSEND = YES;
				ENABLE_TESTABILITY = YES;
				ENABLE_USER_SCRIPT_SANDBOXING = YES;
				GCC_C_LANGUAGE_STANDARD = gnu17;
				GCC_DYNAMIC_NO_PIC = NO;
				GCC_NO_COMMON_BLOCKS = YES;
				GCC_OPTIMIZATION_LEVEL = 0;
				GCC_PREPROCESSOR_DEFINITIONS = (
					"DEBUG=1",
					"$(inherited)",
				);
				GCC_WARN_64_TO_32_BIT_CONVERSION = YES;
				GCC_WARN_ABOUT_RETURN_TYPE = YES_ERROR;
				GCC_WARN_UNDECLARED_SELECTOR = YES;
				GCC_WARN_UNINITIALIZED_AUTOS = YES_AGGRESSIVE;
				GCC_WARN_UNUSED_FUNCTION = YES;
				GCC_WARN_UNUSED_VARIABLE = YES;
				IPHONEOS_DEPLOYMENT_TARGET = 18.0;
				LOCALIZATION_PREFERS_STRING_CATALOGS = YES;
				MTL_ENABLE_DEBUG_INFO = INCLUDE_SOURCE;
				MTL_FAST_MATH = YES;
				ONLY_ACTIVE_ARCH = YES;
				SDKROOT = iphoneos;
				SWIFT_ACTIVE_COMPILATION_CONDITIONS = "DEBUG $(inherited)";
				SWIFT_OPTIMIZATION_LEVEL = "-Onone";
			};
			name = Debug;
		};
		E456F7A32CB1D7F900BCF142 /* Release */ = {
			isa = XCBuildConfiguration;
			buildSettings = {
				ALWAYS_SEARCH_USER_PATHS = NO;
				ASSETCATALOG_COMPILER_GENERATE_SWIFT_ASSET_SYMBOL_EXTENSIONS = YES;
				CLANG_ANALYZER_NONNULL = YES;
				CLANG_ANALYZER_NUMBER_OBJECT_CONVERSION = YES_AGGRESSIVE;
				CLANG_CXX_LANGUAGE_STANDARD = "gnu++20";
				CLANG_ENABLE_MODULES = YES;
				CLANG_ENABLE_OBJC_ARC = YES;
				CLANG_ENABLE_OBJC_WEAK = YES;
				CLANG_WARN_BLOCK_CAPTURE_AUTORELEASING = YES;
				CLANG_WARN_BOOL_CONVERSION = YES;
				CLANG_WARN_COMMA = YES;
				CLANG_WARN_CONSTANT_CONVERSION = YES;
				CLANG_WARN_DEPRECATED_OBJC_IMPLEMENTATIONS = YES;
				CLANG_WARN_DIRECT_OBJC_ISA_USAGE = YES_ERROR;
				CLANG_WARN_DOCUMENTATION_COMMENTS = YES;
				CLANG_WARN_EMPTY_BODY = YES;
				CLANG_WARN_ENUM_CONVERSION = YES;
				CLANG_WARN_INFINITE_RECURSION = YES;
				CLANG_WARN_INT_CONVERSION = YES;
				CLANG_WARN_NON_LITERAL_NULL_CONVERSION = YES;
				CLANG_WARN_OBJC_IMPLICIT_RETAIN_SELF = YES;
				CLANG_WARN_OBJC_LITERAL_CONVERSION = YES;
				CLANG_WARN_OBJC_ROOT_CLASS = YES_ERROR;
				CLANG_WARN_QUOTED_INCLUDE_IN_FRAMEWORK_HEADER = YES;
				CLANG_WARN_RANGE_LOOP_ANALYSIS = YES;
				CLANG_WARN_STRICT_PROTOTYPES = YES;
				CLANG_WARN_SUSPICIOUS_MOVE = YES;
				CLANG_WARN_UNGUARDED_AVAILABILITY = YES_AGGRESSIVE;
				CLANG_WARN_UNREACHABLE_CODE = YES;
				CLANG_WARN__DUPLICATE_METHOD_MATCH = YES;
				COPY_PHASE_STRIP = NO;
				DEBUG_INFORMATION_FORMAT = "dwarf-with-dsym";
				ENABLE_NS_ASSERTIONS = NO;
				ENABLE_STRICT_OBJC_MSGSEND = YES;
				ENABLE_USER_SCRIPT_SANDBOXING = YES;
				GCC_C_LANGUAGE_STANDARD = gnu17;
				GCC_NO_COMMON_BLOCKS = YES;
				GCC_WARN_64_TO_32_BIT_CONVERSION = YES;
				GCC_WARN_ABOUT_RETURN_TYPE = YES_ERROR;
				GCC_WARN_UNDECLARED_SELECTOR = YES;
				GCC_WARN_UNINITIALIZED_AUTOS = YES_AGGRESSIVE;
				GCC_WARN_UNUSED_FUNCTION = YES;
				GCC_WARN_UNUSED_VARIABLE = YES;
				IPHONEOS_DEPLOYMENT_TARGET = 18.0;
				LOCALIZATION_PREFERS_STRING_CATALOGS = YES;
				MTL_ENABLE_DEBUG_INFO = NO;
				MTL_FAST_MATH = YES;
				SDKROOT = iphoneos;
				SWIFT_COMPILATION_MODE = wholemodule;
				VALIDATE_PRODUCT = YES;
			};
			name = Release;
		};
		E456F7A52CB1D7F900BCF142 /* Debug */ = {
			isa = XCBuildConfiguration;
			buildSettings = {
				ASSETCATALOG_COMPILER_APPICON_NAME = AppIcon;
				ASSETCATALOG_COMPILER_GLOBAL_ACCENT_COLOR_NAME = AccentColor;
				CODE_SIGN_STYLE = Automatic;
				CURRENT_PROJECT_VERSION = 0;
				DEVELOPMENT_ASSET_PATHS = "\"Zap Comics/Preview Content\"";
				DEVELOPMENT_TEAM = VFK6A8UE9H;
				ENABLE_PREVIEWS = YES;
				GENERATE_INFOPLIST_FILE = YES;
				INFOPLIST_FILE = "Zap-Comics-Info.plist";
				INFOPLIST_KEY_CFBundleDisplayName = "The Zap-List";
				INFOPLIST_KEY_LSApplicationCategoryType = "public.app-category.books";
				INFOPLIST_KEY_UIApplicationSceneManifest_Generation = YES;
				INFOPLIST_KEY_UIApplicationSupportsIndirectInputEvents = YES;
				INFOPLIST_KEY_UILaunchStoryboardName = "";
				INFOPLIST_KEY_UISupportedInterfaceOrientations = UIInterfaceOrientationPortrait;
				INFOPLIST_KEY_UISupportedInterfaceOrientations_iPad = "UIInterfaceOrientationLandscapeLeft UIInterfaceOrientationLandscapeRight UIInterfaceOrientationPortrait UIInterfaceOrientationPortraitUpsideDown";
				INFOPLIST_KEY_UIUserInterfaceStyle = Light;
				LD_RUNPATH_SEARCH_PATHS = (
					"$(inherited)",
					"@executable_path/Frameworks",
				);
				MARKETING_VERSION = 5.0;
				PRODUCT_BUNDLE_IDENTIFIER = "com.andrewstamm.Zap-Comics";
				PRODUCT_NAME = "$(TARGET_NAME)";
				SUPPORTED_PLATFORMS = "iphoneos iphonesimulator";
				SUPPORTS_MACCATALYST = NO;
				SUPPORTS_MAC_DESIGNED_FOR_IPHONE_IPAD = NO;
				SUPPORTS_XR_DESIGNED_FOR_IPHONE_IPAD = NO;
				SWIFT_EMIT_LOC_STRINGS = YES;
				SWIFT_VERSION = 5.0;
				TARGETED_DEVICE_FAMILY = 1;
			};
			name = Debug;
		};
		E456F7A62CB1D7F900BCF142 /* Release */ = {
			isa = XCBuildConfiguration;
			buildSettings = {
				ASSETCATALOG_COMPILER_APPICON_NAME = AppIcon;
				ASSETCATALOG_COMPILER_GLOBAL_ACCENT_COLOR_NAME = AccentColor;
				CODE_SIGN_STYLE = Automatic;
				CURRENT_PROJECT_VERSION = 0;
				DEVELOPMENT_ASSET_PATHS = "\"Zap Comics/Preview Content\"";
				DEVELOPMENT_TEAM = VFK6A8UE9H;
				ENABLE_PREVIEWS = YES;
				GENERATE_INFOPLIST_FILE = YES;
				INFOPLIST_FILE = "Zap-Comics-Info.plist";
				INFOPLIST_KEY_CFBundleDisplayName = "The Zap-List";
				INFOPLIST_KEY_LSApplicationCategoryType = "public.app-category.books";
				INFOPLIST_KEY_UIApplicationSceneManifest_Generation = YES;
				INFOPLIST_KEY_UIApplicationSupportsIndirectInputEvents = YES;
				INFOPLIST_KEY_UILaunchStoryboardName = "";
				INFOPLIST_KEY_UISupportedInterfaceOrientations = UIInterfaceOrientationPortrait;
				INFOPLIST_KEY_UISupportedInterfaceOrientations_iPad = "UIInterfaceOrientationLandscapeLeft UIInterfaceOrientationLandscapeRight UIInterfaceOrientationPortrait UIInterfaceOrientationPortraitUpsideDown";
				INFOPLIST_KEY_UIUserInterfaceStyle = Light;
				LD_RUNPATH_SEARCH_PATHS = (
					"$(inherited)",
					"@executable_path/Frameworks",
				);
				MARKETING_VERSION = 5.0;
				PRODUCT_BUNDLE_IDENTIFIER = "com.andrewstamm.Zap-Comics";
				PRODUCT_NAME = "$(TARGET_NAME)";
				SUPPORTED_PLATFORMS = "iphoneos iphonesimulator";
				SUPPORTS_MACCATALYST = NO;
				SUPPORTS_MAC_DESIGNED_FOR_IPHONE_IPAD = NO;
				SUPPORTS_XR_DESIGNED_FOR_IPHONE_IPAD = NO;
				SWIFT_EMIT_LOC_STRINGS = YES;
				SWIFT_VERSION = 5.0;
				TARGETED_DEVICE_FAMILY = 1;
			};
			name = Release;
		};
		E456F7A82CB1D7F900BCF142 /* Debug */ = {
			isa = XCBuildConfiguration;
			buildSettings = {
				BUNDLE_LOADER = "$(TEST_HOST)";
				CODE_SIGN_STYLE = Automatic;
				CURRENT_PROJECT_VERSION = 1;
				DEVELOPMENT_TEAM = XNT49P4S28;
				GENERATE_INFOPLIST_FILE = YES;
				IPHONEOS_DEPLOYMENT_TARGET = 18.0;
				MARKETING_VERSION = 1.0;
				PRODUCT_BUNDLE_IDENTIFIER = "com.andrewstamm.Zap-ComicsTests";
				PRODUCT_NAME = "$(TARGET_NAME)";
				SWIFT_EMIT_LOC_STRINGS = NO;
				SWIFT_VERSION = 5.0;
				TARGETED_DEVICE_FAMILY = "1,2";
				TEST_HOST = "$(BUILT_PRODUCTS_DIR)/Zap Comics.app/$(BUNDLE_EXECUTABLE_FOLDER_PATH)/Zap Comics";
			};
			name = Debug;
		};
		E456F7A92CB1D7F900BCF142 /* Release */ = {
			isa = XCBuildConfiguration;
			buildSettings = {
				BUNDLE_LOADER = "$(TEST_HOST)";
				CODE_SIGN_STYLE = Automatic;
				CURRENT_PROJECT_VERSION = 1;
				DEVELOPMENT_TEAM = XNT49P4S28;
				GENERATE_INFOPLIST_FILE = YES;
				IPHONEOS_DEPLOYMENT_TARGET = 18.0;
				MARKETING_VERSION = 1.0;
				PRODUCT_BUNDLE_IDENTIFIER = "com.andrewstamm.Zap-ComicsTests";
				PRODUCT_NAME = "$(TARGET_NAME)";
				SWIFT_EMIT_LOC_STRINGS = NO;
				SWIFT_VERSION = 5.0;
				TARGETED_DEVICE_FAMILY = "1,2";
				TEST_HOST = "$(BUILT_PRODUCTS_DIR)/Zap Comics.app/$(BUNDLE_EXECUTABLE_FOLDER_PATH)/Zap Comics";
			};
			name = Release;
		};
		E456F7AB2CB1D7F900BCF142 /* Debug */ = {
			isa = XCBuildConfiguration;
			buildSettings = {
				CODE_SIGN_STYLE = Automatic;
				CURRENT_PROJECT_VERSION = 1;
				DEVELOPMENT_TEAM = XNT49P4S28;
				GENERATE_INFOPLIST_FILE = YES;
				MARKETING_VERSION = 1.0;
				PRODUCT_BUNDLE_IDENTIFIER = "com.andrewstamm.Zap-ComicsUITests";
				PRODUCT_NAME = "$(TARGET_NAME)";
				SWIFT_EMIT_LOC_STRINGS = NO;
				SWIFT_VERSION = 5.0;
				TARGETED_DEVICE_FAMILY = "1,2";
				TEST_TARGET_NAME = "Zap Comics";
			};
			name = Debug;
		};
		E456F7AC2CB1D7F900BCF142 /* Release */ = {
			isa = XCBuildConfiguration;
			buildSettings = {
				CODE_SIGN_STYLE = Automatic;
				CURRENT_PROJECT_VERSION = 1;
				DEVELOPMENT_TEAM = XNT49P4S28;
				GENERATE_INFOPLIST_FILE = YES;
				MARKETING_VERSION = 1.0;
				PRODUCT_BUNDLE_IDENTIFIER = "com.andrewstamm.Zap-ComicsUITests";
				PRODUCT_NAME = "$(TARGET_NAME)";
				SWIFT_EMIT_LOC_STRINGS = NO;
				SWIFT_VERSION = 5.0;
				TARGETED_DEVICE_FAMILY = "1,2";
				TEST_TARGET_NAME = "Zap Comics";
			};
			name = Release;
		};
/* End XCBuildConfiguration section */

/* Begin XCConfigurationList section */
		E456F77B2CB1D7F700BCF142 /* Build configuration list for PBXProject "Zap Comics" */ = {
			isa = XCConfigurationList;
			buildConfigurations = (
				E456F7A22CB1D7F900BCF142 /* Debug */,
				E456F7A32CB1D7F900BCF142 /* Release */,
			);
			defaultConfigurationIsVisible = 0;
			defaultConfigurationName = Release;
		};
		E456F7A42CB1D7F900BCF142 /* Build configuration list for PBXNativeTarget "Zap Comics" */ = {
			isa = XCConfigurationList;
			buildConfigurations = (
				E456F7A52CB1D7F900BCF142 /* Debug */,
				E456F7A62CB1D7F900BCF142 /* Release */,
			);
			defaultConfigurationIsVisible = 0;
			defaultConfigurationName = Release;
		};
		E456F7A72CB1D7F900BCF142 /* Build configuration list for PBXNativeTarget "Zap ComicsTests" */ = {
			isa = XCConfigurationList;
			buildConfigurations = (
				E456F7A82CB1D7F900BCF142 /* Debug */,
				E456F7A92CB1D7F900BCF142 /* Release */,
			);
			defaultConfigurationIsVisible = 0;
			defaultConfigurationName = Release;
		};
		E456F7AA2CB1D7F900BCF142 /* Build configuration list for PBXNativeTarget "Zap ComicsUITests" */ = {
			isa = XCConfigurationList;
			buildConfigurations = (
				E456F7AB2CB1D7F900BCF142 /* Debug */,
				E456F7AC2CB1D7F900BCF142 /* Release */,
			);
			defaultConfigurationIsVisible = 0;
			defaultConfigurationName = Release;
		};
/* End XCConfigurationList section */

/* Begin XCRemoteSwiftPackageReference section */
		E48BB65C2CBD990F00D33B96 /* XCRemoteSwiftPackageReference "SDWebImageSwiftUI" */ = {
			isa = XCRemoteSwiftPackageReference;
			repositoryURL = "https://github.com/SDWebImage/SDWebImageSwiftUI";
			requirement = {
				kind = upToNextMajorVersion;
				minimumVersion = 3.1.2;
			};
		};
		E4C2B4D72CBD9514003ACF27 /* XCRemoteSwiftPackageReference "Networking" */ = {
			isa = XCRemoteSwiftPackageReference;
			repositoryURL = "https://github.com/3lvis/Networking";
			requirement = {
				kind = upToNextMajorVersion;
				minimumVersion = 6.15.0;
			};
		};
/* End XCRemoteSwiftPackageReference section */

/* Begin XCSwiftPackageProductDependency section */
		E436C5522CB2F57A00B1F1CE /* Networking */ = {
			isa = XCSwiftPackageProductDependency;
			productName = Networking;
		};
		E436C5552CB2F58500B1F1CE /* SDWebImageSwiftUI */ = {
			isa = XCSwiftPackageProductDependency;
			productName = SDWebImageSwiftUI;
		};
		E438DEFB2CBDA2E50010EA02 /* SDWebImageSwiftUI */ = {
			isa = XCSwiftPackageProductDependency;
			package = E48BB65C2CBD990F00D33B96 /* XCRemoteSwiftPackageReference "SDWebImageSwiftUI" */;
			productName = SDWebImageSwiftUI;
		};
		E48BB65D2CBD990F00D33B96 /* SDWebImageSwiftUI */ = {
			isa = XCSwiftPackageProductDependency;
			package = E48BB65C2CBD990F00D33B96 /* XCRemoteSwiftPackageReference "SDWebImageSwiftUI" */;
			productName = SDWebImageSwiftUI;
		};
		E4C2B4D82CBD9514003ACF27 /* Networking */ = {
			isa = XCSwiftPackageProductDependency;
			package = E4C2B4D72CBD9514003ACF27 /* XCRemoteSwiftPackageReference "Networking" */;
			productName = Networking;
		};
		E4D3670A2CB1EA0D008CF162 /* Networking */ = {
			isa = XCSwiftPackageProductDependency;
			productName = Networking;
		};
/* End XCSwiftPackageProductDependency section */
	};
	rootObject = E456F7782CB1D7F700BCF142 /* Project object */;
}
